
Microsoft Visual Studio Solution File, Format Version 12.00
# Visual Studio Version 17
VisualStudioVersion = 17.11.35017.193
MinimumVisualStudioVersion = 10.0.40219.1
Project("{FAE04EC0-301F-11D3-BF4B-00C04F79EFBC}") = "SOLID_Practice", "SOLID_Practice\SOLID_Practice.csproj", "{1C42DF83-721F-498B-947B-D8857DF5FAA0}"
EndProject
Global
	GlobalSection(SolutionConfigurationPlatforms) = preSolution
		Debug|Any CPU = Debug|Any CPU
		Release|Any CPU = Release|Any CPU
	EndGlobalSection
	GlobalSection(ProjectConfigurationPlatforms) = postSolution
		{1C42DF83-721F-498B-947B-D8857DF5FAA0}.Debug|Any CPU.ActiveCfg = Debug|Any CPU
		{1C42DF83-721F-498B-947B-D8857DF5FAA0}.Debug|Any CPU.Build.0 = Debug|Any CPU
		{1C42DF83-721F-498B-947B-D8857DF5FAA0}.Release|Any CPU.ActiveCfg = Release|Any CPU
		{1C42DF83-721F-498B-947B-D8857DF5FAA0}.Release|Any CPU.Build.0 = Release|Any CPU
	EndGlobalSection
	GlobalSection(SolutionProperties) = preSolution
		HideSolutionNode = FALSE
	EndGlobalSection
	GlobalSection(ExtensibilityGlobals) = postSolution
		SolutionGuid = {FB986CA2-79A6-4E04-A52B-0B6E27072492}
	EndGlobalSection
EndGlobal
